
Microsoft Visual Studio Solution File, Format Version 12.00
# Visual Studio Version 16
VisualStudioVersion = 16.0.32510.428
MinimumVisualStudioVersion = 10.0.40219.1
Project("{888888A0-9F3D-457C-B088-3A5042F75D52}") = "lb5OOPPython", "lb5OOPPython.pyproj", "{C260B16B-B8E3-4CCB-80D2-5B38F721607E}"
EndProject
Global
	GlobalSection(SolutionConfigurationPlatforms) = preSolution
		Debug|Any CPU = Debug|Any CPU
		Release|Any CPU = Release|Any CPU
	EndGlobalSection
	GlobalSection(ProjectConfigurationPlatforms) = postSolution
		{C260B16B-B8E3-4CCB-80D2-5B38F721607E}.Debug|Any CPU.ActiveCfg = Debug|Any CPU
		{C260B16B-B8E3-4CCB-80D2-5B38F721607E}.Release|Any CPU.ActiveCfg = Release|Any CPU
	EndGlobalSection
	GlobalSection(SolutionProperties) = preSolution
		HideSolutionNode = FALSE
	EndGlobalSection
	GlobalSection(ExtensibilityGlobals) = postSolution
		SolutionGuid = {106D69CB-E850-4D15-B0C8-E8715A080411}
	EndGlobalSection
EndGlobal
